
Microsoft Visual Studio Solution File, Format Version 12.00
# Visual Studio Version 17
VisualStudioVersion = 17.7.34009.444
MinimumVisualStudioVersion = 10.0.40219.1
Project("{8BC9CEB8-8B4A-11D0-8D11-00A0C91BC942}") = "Physic_Engine", "Physic_Engine.vcxproj", "{C6D798C3-74E9-4291-A7C4-0005DF0417CC}"
EndProject
Global
	GlobalSection(SolutionConfigurationPlatforms) = preSolution
		Debug|x64 = Debug|x64
		Debug|x86 = Debug|x86
		Release|x64 = Release|x64
		Release|x86 = Release|x86
	EndGlobalSection
	GlobalSection(ProjectConfigurationPlatforms) = postSolution
		{C6D798C3-74E9-4291-A7C4-0005DF0417CC}.Debug|x64.ActiveCfg = Debug|x64
		{C6D798C3-74E9-4291-A7C4-0005DF0417CC}.Debug|x64.Build.0 = Debug|x64
		{C6D798C3-74E9-4291-A7C4-0005DF0417CC}.Debug|x86.ActiveCfg = Debug|Win32
		{C6D798C3-74E9-4291-A7C4-0005DF0417CC}.Debug|x86.Build.0 = Debug|Win32
		{C6D798C3-74E9-4291-A7C4-0005DF0417CC}.Release|x64.ActiveCfg = Release|x64
		{C6D798C3-74E9-4291-A7C4-0005DF0417CC}.Release|x64.Build.0 = Release|x64
		{C6D798C3-74E9-4291-A7C4-0005DF0417CC}.Release|x86.ActiveCfg = Release|Win32
		{C6D798C3-74E9-4291-A7C4-0005DF0417CC}.Release|x86.Build.0 = Release|Win32
	EndGlobalSection
	GlobalSection(SolutionProperties) = preSolution
		HideSolutionNode = FALSE
	EndGlobalSection
	GlobalSection(ExtensibilityGlobals) = postSolution
		SolutionGuid = {362E0315-A5C2-4E6B-8257-C54CFDEF2662}
	EndGlobalSection
EndGlobal
